
Microsoft Visual Studio Solution File, Format Version 12.00
# Visual Studio 15
VisualStudioVersion = 15.0.27428.2043
MinimumVisualStudioVersion = 10.0.40219.1
Project("{FAE04EC0-301F-11D3-BF4B-00C04F79EFBC}") = "KeymapDownloader", "KeymapDownloader\KeymapDownloader.csproj", "{9F50DFB0-D48B-4D24-94AA-4E39583EADEF}"
EndProject
Global
	GlobalSection(SolutionConfigurationPlatforms) = preSolution
		Debug|Any CPU = Debug|Any CPU
		Release|Any CPU = Release|Any CPU
	EndGlobalSection
	GlobalSection(ProjectConfigurationPlatforms) = postSolution
		{9F50DFB0-D48B-4D24-94AA-4E39583EADEF}.Debug|Any CPU.ActiveCfg = Debug|Any CPU
		{9F50DFB0-D48B-4D24-94AA-4E39583EADEF}.Debug|Any CPU.Build.0 = Debug|Any CPU
		{9F50DFB0-D48B-4D24-94AA-4E39583EADEF}.Release|Any CPU.ActiveCfg = Release|Any CPU
		{9F50DFB0-D48B-4D24-94AA-4E39583EADEF}.Release|Any CPU.Build.0 = Release|Any CPU
	EndGlobalSection
	GlobalSection(SolutionProperties) = preSolution
		HideSolutionNode = FALSE
	EndGlobalSection
	GlobalSection(ExtensibilityGlobals) = postSolution
		SolutionGuid = {48D5D0C9-7494-4A32-A93F-08F747F14095}
	EndGlobalSection
EndGlobal
